
Microsoft Visual Studio Solution File, Format Version 12.00
# Visual Studio 15
VisualStudioVersion = 15.0.28010.2026
MinimumVisualStudioVersion = 10.0.40219.1
Project("{FAE04EC0-301F-11D3-BF4B-00C04F79EFBC}") = "AtivarKeysWeb", "AtivarKeysWeb\AtivarKeysWeb.csproj", "{EDD6BB90-274E-4A0D-96C1-3144D4599FDD}"
EndProject
Global
	GlobalSection(SolutionConfigurationPlatforms) = preSolution
		Debug|Any CPU = Debug|Any CPU
		Release|Any CPU = Release|Any CPU
	EndGlobalSection
	GlobalSection(ProjectConfigurationPlatforms) = postSolution
		{EDD6BB90-274E-4A0D-96C1-3144D4599FDD}.Debug|Any CPU.ActiveCfg = Debug|Any CPU
		{EDD6BB90-274E-4A0D-96C1-3144D4599FDD}.Debug|Any CPU.Build.0 = Debug|Any CPU
		{EDD6BB90-274E-4A0D-96C1-3144D4599FDD}.Release|Any CPU.ActiveCfg = Release|Any CPU
		{EDD6BB90-274E-4A0D-96C1-3144D4599FDD}.Release|Any CPU.Build.0 = Release|Any CPU
	EndGlobalSection
	GlobalSection(SolutionProperties) = preSolution
		HideSolutionNode = FALSE
	EndGlobalSection
	GlobalSection(ExtensibilityGlobals) = postSolution
		SolutionGuid = {2ECDE0FC-1724-41D5-9CE5-915B65DCDC0A}
	EndGlobalSection
EndGlobal
